
Microsoft Visual Studio Solution File, Format Version 12.00
# Visual Studio Version 16
VisualStudioVersion = 16.0.32901.82
MinimumVisualStudioVersion = 10.0.40219.1
Project("{FAE04EC0-301F-11D3-BF4B-00C04F79EFBC}") = "EmployeeManagement", "EmployeeManagement.csproj", "{8A70B766-B1D4-4EEC-8C74-E4EF3E101E64}"
EndProject
Global
	GlobalSection(SolutionConfigurationPlatforms) = preSolution
		Debug|Any CPU = Debug|Any CPU
		Release|Any CPU = Release|Any CPU
	EndGlobalSection
	GlobalSection(ProjectConfigurationPlatforms) = postSolution
		{8A70B766-B1D4-4EEC-8C74-E4EF3E101E64}.Debug|Any CPU.ActiveCfg = Debug|Any CPU
		{8A70B766-B1D4-4EEC-8C74-E4EF3E101E64}.Debug|Any CPU.Build.0 = Debug|Any CPU
		{8A70B766-B1D4-4EEC-8C74-E4EF3E101E64}.Release|Any CPU.ActiveCfg = Release|Any CPU
		{8A70B766-B1D4-4EEC-8C74-E4EF3E101E64}.Release|Any CPU.Build.0 = Release|Any CPU
	EndGlobalSection
	GlobalSection(SolutionProperties) = preSolution
		HideSolutionNode = FALSE
	EndGlobalSection
	GlobalSection(ExtensibilityGlobals) = postSolution
		SolutionGuid = {88DE4517-E218-4667-AFE2-97BA14C56BB6}
	EndGlobalSection
EndGlobal
